
Microsoft Visual Studio Solution File, Format Version 12.00
# Visual Studio 15
VisualStudioVersion = 15.0.28307.902
MinimumVisualStudioVersion = 10.0.40219.1
Project("{FAE04EC0-301F-11D3-BF4B-00C04F79EFBC}") = "VoluntArea.Android", "VoluntArea\VoluntArea.Android\VoluntArea.Android.csproj", "{A16F30ED-CF72-4865-92A4-083A0EF9DDC3}"
EndProject
Project("{FAE04EC0-301F-11D3-BF4B-00C04F79EFBC}") = "VoluntArea", "VoluntArea\VoluntArea\VoluntArea.csproj", "{EF7FB83C-4C99-444C-B21F-96A8C73A7871}"
EndProject
Global
	GlobalSection(SolutionConfigurationPlatforms) = preSolution
		Debug|Any CPU = Debug|Any CPU
		Release|Any CPU = Release|Any CPU
	EndGlobalSection
	GlobalSection(ProjectConfigurationPlatforms) = postSolution
		{A16F30ED-CF72-4865-92A4-083A0EF9DDC3}.Debug|Any CPU.ActiveCfg = Debug|Any CPU
		{A16F30ED-CF72-4865-92A4-083A0EF9DDC3}.Debug|Any CPU.Build.0 = Debug|Any CPU
		{A16F30ED-CF72-4865-92A4-083A0EF9DDC3}.Debug|Any CPU.Deploy.0 = Debug|Any CPU
		{A16F30ED-CF72-4865-92A4-083A0EF9DDC3}.Release|Any CPU.ActiveCfg = Release|Any CPU
		{A16F30ED-CF72-4865-92A4-083A0EF9DDC3}.Release|Any CPU.Build.0 = Release|Any CPU
		{A16F30ED-CF72-4865-92A4-083A0EF9DDC3}.Release|Any CPU.Deploy.0 = Release|Any CPU
		{EF7FB83C-4C99-444C-B21F-96A8C73A7871}.Debug|Any CPU.ActiveCfg = Debug|Any CPU
		{EF7FB83C-4C99-444C-B21F-96A8C73A7871}.Debug|Any CPU.Build.0 = Debug|Any CPU
		{EF7FB83C-4C99-444C-B21F-96A8C73A7871}.Debug|Any CPU.Deploy.0 = Debug|Any CPU
		{EF7FB83C-4C99-444C-B21F-96A8C73A7871}.Release|Any CPU.ActiveCfg = Release|Any CPU
		{EF7FB83C-4C99-444C-B21F-96A8C73A7871}.Release|Any CPU.Build.0 = Release|Any CPU
		{EF7FB83C-4C99-444C-B21F-96A8C73A7871}.Release|Any CPU.Deploy.0 = Release|Any CPU
	EndGlobalSection
	GlobalSection(SolutionProperties) = preSolution
		HideSolutionNode = FALSE
	EndGlobalSection
	GlobalSection(ExtensibilityGlobals) = postSolution
		SolutionGuid = {516E3919-AEF9-4714-BA56-67B2676FF7F6}
	EndGlobalSection
EndGlobal
